
Microsoft Visual Studio Solution File, Format Version 12.00
# Visual Studio Version 17
VisualStudioVersion = 17.6.33712.159
MinimumVisualStudioVersion = 10.0.40219.1
Project("{FAE04EC0-301F-11D3-BF4B-00C04F79EFBC}") = "AwesomeDevEvents.Api", "AwesomeDevEvents.Api\AwesomeDevEvents.Api.csproj", "{0A014F68-0857-4FF1-B6F6-A316E8BF0FFD}"
EndProject
Global
	GlobalSection(SolutionConfigurationPlatforms) = preSolution
		Debug|Any CPU = Debug|Any CPU
		Release|Any CPU = Release|Any CPU
	EndGlobalSection
	GlobalSection(ProjectConfigurationPlatforms) = postSolution
		{0A014F68-0857-4FF1-B6F6-A316E8BF0FFD}.Debug|Any CPU.ActiveCfg = Debug|Any CPU
		{0A014F68-0857-4FF1-B6F6-A316E8BF0FFD}.Debug|Any CPU.Build.0 = Debug|Any CPU
		{0A014F68-0857-4FF1-B6F6-A316E8BF0FFD}.Release|Any CPU.ActiveCfg = Release|Any CPU
		{0A014F68-0857-4FF1-B6F6-A316E8BF0FFD}.Release|Any CPU.Build.0 = Release|Any CPU
	EndGlobalSection
	GlobalSection(SolutionProperties) = preSolution
		HideSolutionNode = FALSE
	EndGlobalSection
	GlobalSection(ExtensibilityGlobals) = postSolution
		SolutionGuid = {48A12A35-9916-4BEE-AFCF-B6FD58E3B043}
	EndGlobalSection
EndGlobal
